
Microsoft Visual Studio Solution File, Format Version 12.00
# Visual Studio Version 17
VisualStudioVersion = 17.8.34601.278
MinimumVisualStudioVersion = 10.0.40219.1
Project("{FAE04EC0-301F-11D3-BF4B-00C04F79EFBC}") = "AspDotNetWebApp", "AspDotNetWebApp.csproj", "{CBCCBCFA-75B5-4A6C-8468-4307510FD3E8}"
EndProject
Global
	GlobalSection(SolutionConfigurationPlatforms) = preSolution
		Debug|Any CPU = Debug|Any CPU
		Release|Any CPU = Release|Any CPU
	EndGlobalSection
	GlobalSection(ProjectConfigurationPlatforms) = postSolution
		{CBCCBCFA-75B5-4A6C-8468-4307510FD3E8}.Debug|Any CPU.ActiveCfg = Debug|Any CPU
		{CBCCBCFA-75B5-4A6C-8468-4307510FD3E8}.Debug|Any CPU.Build.0 = Debug|Any CPU
		{CBCCBCFA-75B5-4A6C-8468-4307510FD3E8}.Release|Any CPU.ActiveCfg = Release|Any CPU
		{CBCCBCFA-75B5-4A6C-8468-4307510FD3E8}.Release|Any CPU.Build.0 = Release|Any CPU
	EndGlobalSection
	GlobalSection(SolutionProperties) = preSolution
		HideSolutionNode = FALSE
	EndGlobalSection
	GlobalSection(ExtensibilityGlobals) = postSolution
		SolutionGuid = {6AF0116C-27FB-44F6-B57B-130E2D0ABB50}
	EndGlobalSection
EndGlobal
