
Microsoft Visual Studio Solution File, Format Version 12.00
# Visual Studio 15
VisualStudioVersion = 15.0.28307.1145
MinimumVisualStudioVersion = 10.0.40219.1
Project("{FAE04EC0-301F-11D3-BF4B-00C04F79EFBC}") = "PoolCreation", "PoolCreation\PoolCreation.csproj", "{04101B85-13EC-4CC3-AE3B-3611B999E18A}"
EndProject
Global
	GlobalSection(SolutionConfigurationPlatforms) = preSolution
		Debug|Any CPU = Debug|Any CPU
		Release|Any CPU = Release|Any CPU
	EndGlobalSection
	GlobalSection(ProjectConfigurationPlatforms) = postSolution
		{04101B85-13EC-4CC3-AE3B-3611B999E18A}.Debug|Any CPU.ActiveCfg = Debug|Any CPU
		{04101B85-13EC-4CC3-AE3B-3611B999E18A}.Debug|Any CPU.Build.0 = Debug|Any CPU
		{04101B85-13EC-4CC3-AE3B-3611B999E18A}.Release|Any CPU.ActiveCfg = Release|Any CPU
		{04101B85-13EC-4CC3-AE3B-3611B999E18A}.Release|Any CPU.Build.0 = Release|Any CPU
	EndGlobalSection
	GlobalSection(SolutionProperties) = preSolution
		HideSolutionNode = FALSE
	EndGlobalSection
	GlobalSection(ExtensibilityGlobals) = postSolution
		SolutionGuid = {6077244B-B892-4B47-BC82-D73A32304C33}
	EndGlobalSection
EndGlobal
